// !$*UTF8*$!
{
	archiveVersion = 1;
	classes = {
	};
	objectVersion = 48;
	objects = {

/* Begin PBXBuildFile section */
		043E68FC1F82E326002F4B05 /* AppDelegate.swift in Sources */ = {isa = PBXBuildFile; fileRef = 043E68FB1F82E326002F4B05 /* AppDelegate.swift */; };
		043E68FE1F82E326002F4B05 /* ViewController.swift in Sources */ = {isa = PBXBuildFile; fileRef = 043E68FD1F82E326002F4B05 /* ViewController.swift */; };
		043E69011F82E326002F4B05 /* Main.storyboard in Resources */ = {isa = PBXBuildFile; fileRef = 043E68FF1F82E326002F4B05 /* Main.storyboard */; };
		043E69031F82E326002F4B05 /* Assets.xcassets in Resources */ = {isa = PBXBuildFile; fileRef = 043E69021F82E326002F4B05 /* Assets.xcassets */; };
		043E69061F82E326002F4B05 /* LaunchScreen.storyboard in Resources */ = {isa = PBXBuildFile; fileRef = 043E69041F82E326002F4B05 /* LaunchScreen.storyboard */; };
		043E690E1F82E35D002F4B05 /* MyChatFramework.framework in Frameworks */ = {isa = PBXBuildFile; fileRef = 043E690D1F82E35C002F4B05 /* MyChatFramework.framework */; };
		043E690F1F82E35D002F4B05 /* MyChatFramework.framework in Embed Frameworks */ = {isa = PBXBuildFile; fileRef = 043E690D1F82E35C002F4B05 /* MyChatFramework.framework */; settings = {ATTRIBUTES = (CodeSignOnCopy, RemoveHeadersOnCopy, ); }; };
/* End PBXBuildFile section */

/* Begin PBXCopyFilesBuildPhase section */
		043E69101F82E35D002F4B05 /* Embed Frameworks */ = {
			isa = PBXCopyFilesBuildPhase;
			buildActionMask = 2147483647;
			dstPath = "";
			dstSubfolderSpec = 10;
			files = (
				043E690F1F82E35D002F4B05 /* MyChatFramework.framework in Embed Frameworks */,
			);
			name = "Embed Frameworks";
			runOnlyForDeploymentPostprocessing = 0;
		};
/* End PBXCopyFilesBuildPhase section */

/* Begin PBXFileReference section */
		043E68F81F82E326002F4B05 /* ChatAssignment.app */ = {isa = PBXFileReference; explicitFileType = wrapper.application; includeInIndex = 0; path = ChatAssignment.app; sourceTree = BUILT_PRODUCTS_DIR; };
		043E68FB1F82E326002F4B05 /* AppDelegate.swift */ = {isa = PBXFileReference; lastKnownFileType = sourcecode.swift; path = AppDelegate.swift; sourceTree = "<group>"; };
		043E68FD1F82E326002F4B05 /* ViewController.swift */ = {isa = PBXFileReference; lastKnownFileType = sourcecode.swift; path = ViewController.swift; sourceTree = "<group>"; };
		043E69001F82E326002F4B05 /* Base */ = {isa = PBXFileReference; lastKnownFileType = file.storyboard; name = Base; path = Base.lproj/Main.storyboard; sourceTree = "<group>"; };
		043E69021F82E326002F4B05 /* Assets.xcassets */ = {isa = PBXFileReference; lastKnownFileType = folder.assetcatalog; path = Assets.xcassets; sourceTree = "<group>"; };
		043E69051F82E326002F4B05 /* Base */ = {isa = PBXFileReference; lastKnownFileType = file.storyboard; name = Base; path = Base.lproj/LaunchScreen.storyboard; sourceTree = "<group>"; };
		043E69071F82E326002F4B05 /* Info.plist */ = {isa = PBXFileReference; lastKnownFileType = text.plist.xml; path = Info.plist; sourceTree = "<group>"; };
		043E690D1F82E35C002F4B05 /* MyChatFramework.framework */ = {isa = PBXFileReference; lastKnownFileType = wrapper.framework; name = MyChatFramework.framework; path = "../../../Library/Developer/Xcode/DerivedData/MyChatFramework-drrlpubbdyqfdubsqjuesqblhpwz/Build/Products/Debug-iphonesimulator/MyChatFramework.framework"; sourceTree = "<group>"; };
/* End PBXFileReference section */

/* Begin PBXFrameworksBuildPhase section */
		043E68F51F82E326002F4B05 /* Frameworks */ = {
			isa = PBXFrameworksBuildPhase;
			buildActionMask = 2147483647;
			files = (
				043E690E1F82E35D002F4B05 /* MyChatFramework.framework in Frameworks */,
			);
			runOnlyForDeploymentPostprocessing = 0;
		};
/* End PBXFrameworksBuildPhase section */

/* Begin PBXGroup section */
		043E68EF1F82E326002F4B05 = {
			isa = PBXGroup;
			children = (
				043E690D1F82E35C002F4B05 /* MyChatFramework.framework */,
				043E68FA1F82E326002F4B05 /* ChatAssignment */,
				043E68F91F82E326002F4B05 /* Products */,
			);
			sourceTree = "<group>";
		};
		043E68F91F82E326002F4B05 /* Products */ = {
			isa = PBXGroup;
			children = (
				043E68F81F82E326002F4B05 /* ChatAssignment.app */,
			);
			name = Products;
			sourceTree = "<group>";
		};
		043E68FA1F82E326002F4B05 /* ChatAssignment */ = {
			isa = PBXGroup;
			children = (
				043E68FB1F82E326002F4B05 /* AppDelegate.swift */,
				043E68FD1F82E326002F4B05 /* ViewController.swift */,
				043E68FF1F82E326002F4B05 /* Main.storyboard */,
				043E69021F82E326002F4B05 /* Assets.xcassets */,
				043E69041F82E326002F4B05 /* LaunchScreen.storyboard */,
				043E69071F82E326002F4B05 /* Info.plist */,
			);
			path = ChatAssignment;
			sourceTree = "<group>";
		};
/* End PBXGroup section */

/* Begin PBXNativeTarget section */
		043E68F71F82E326002F4B05 /* ChatAssignment */ = {
			isa = PBXNativeTarget;
			buildConfigurationList = 043E690A1F82E326002F4B05 /* Build configuration list for PBXNativeTarget "ChatAssignment" */;
			buildPhases = (
				043E68F41F82E326002F4B05 /* Sources */,
				043E68F51F82E326002F4B05 /* Frameworks */,
				043E68F61F82E326002F4B05 /* Resources */,
				043E69101F82E35D002F4B05 /* Embed Frameworks */,
			);
			buildRules = (
			);
			dependencies = (
			);
			name = ChatAssignment;
			productName = ChatAssignment;
			productReference = 043E68F81F82E326002F4B05 /* ChatAssignment.app */;
			productType = "com.apple.product-type.application";
		};
/* End PBXNativeTarget section */

/* Begin PBXProject section */
		043E68F01F82E326002F4B05 /* Project object */ = {
			isa = PBXProject;
			attributes = {
				LastSwiftUpdateCheck = 0900;
				LastUpgradeCheck = 0900;
				ORGANIZATIONNAME = "David Gedeon";
				TargetAttributes = {
					043E68F71F82E326002F4B05 = {
						CreatedOnToolsVersion = 9.0;
						ProvisioningStyle = Automatic;
					};
				};
			};
			buildConfigurationList = 043E68F31F82E326002F4B05 /* Build configuration list for PBXProject "ChatAssignment" */;
			compatibilityVersion = "Xcode 8.0";
			developmentRegion = en;
			hasScannedForEncodings = 0;
			knownRegions = (
				en,
				Base,
			);
			mainGroup = 043E68EF1F82E326002F4B05;
			productRefGroup = 043E68F91F82E326002F4B05 /* Products */;
			projectDirPath = "";
			projectRoot = "";
			targets = (
				043E68F71F82E326002F4B05 /* ChatAssignment */,
			);
		};
/* End PBXProject section */

/* Begin PBXResourcesBuildPhase section */
		043E68F61F82E326002F4B05 /* Resources */ = {
			isa = PBXResourcesBuildPhase;
			buildActionMask = 2147483647;
			files = (
				043E69061F82E326002F4B05 /* LaunchScreen.storyboard in Resources */,
				043E69031F82E326002F4B05 /* Assets.xcassets in Resources */,
				043E69011F82E326002F4B05 /* Main.storyboard in Resources */,
			);
			runOnlyForDeploymentPostprocessing = 0;
		};
/* End PBXResourcesBuildPhase section */

/* Begin PBXSourcesBuildPhase section */
		043E68F41F82E326002F4B05 /* Sources */ = {
			isa = PBXSourcesBuildPhase;
			buildActionMask = 2147483647;
			files = (
				043E68FE1F82E326002F4B05 /* ViewController.swift in Sources */,
				043E68FC1F82E326002F4B05 /* AppDelegate.swift in Sources */,
			);
			runOnlyForDeploymentPostprocessing = 0;
		};
/* End PBXSourcesBuildPhase section */

/* Begin PBXVariantGroup section */
		043E68FF1F82E326002F4B05 /* Main.storyboard */ = {
			isa = PBXVariantGroup;
			children = (
				043E69001F82E326002F4B05 /* Base */,
			);
			name = Main.storyboard;
			sourceTree = "<group>";
		};
		043E69041F82E326002F4B05 /* LaunchScreen.storyboard */ = {
			isa = PBXVariantGroup;
			children = (
				043E69051F82E326002F4B05 /* Base */,
			);
			name = LaunchScreen.storyboard;
			sourceTree = "<group>";
		};
/* End PBXVariantGroup section */

/* Begin XCBuildConfiguration section */
		043E69081F82E326002F4B05 /* Debug */ = {
			isa = XCBuildConfiguration;
			buildSettings = {
				ALWAYS_SEARCH_USER_PATHS = NO;
				CLANG_ANALYZER_NONNULL = YES;
				CLANG_ANALYZER_NUMBER_OBJECT_CONVERSION = YES_AGGRESSIVE;
				CLANG_CXX_LANGUAGE_STANDARD = "gnu++14";
				CLANG_CXX_LIBRARY = "libc++";
				CLANG_ENABLE_MODULES = YES;
				CLANG_ENABLE_OBJC_ARC = YES;
				CLANG_WARN_BLOCK_CAPTURE_AUTORELEASING = YES;
				CLANG_WARN_BOOL_CONVERSION = YES;
				CLANG_WARN_COMMA = YES;
				CLANG_WARN_CONSTANT_CONVERSION = YES;
				CLANG_WARN_DIRECT_OBJC_ISA_USAGE = YES_ERROR;
				CLANG_WARN_DOCUMENTATION_COMMENTS = YES;
				CLANG_WARN_EMPTY_BODY = YES;
				CLANG_WARN_ENUM_CONVERSION = YES;
				CLANG_WARN_INFINITE_RECURSION = YES;
				CLANG_WARN_INT_CONVERSION = YES;
				CLANG_WARN_NON_LITERAL_NULL_CONVERSION = YES;
				CLANG_WARN_OBJC_LITERAL_CONVERSION = YES;
				CLANG_WARN_OBJC_ROOT_CLASS = YES_ERROR;
				CLANG_WARN_RANGE_LOOP_ANALYSIS = YES;
				CLANG_WARN_STRICT_PROTOTYPES = YES;
				CLANG_WARN_SUSPICIOUS_MOVE = YES;
				CLANG_WARN_UNGUARDED_AVAILABILITY = YES_AGGRESSIVE;
				CLANG_WARN_UNREACHABLE_CODE = YES;
				CLANG_WARN__DUPLICATE_METHOD_MATCH = YES;
				CODE_SIGN_IDENTITY = "iPhone Developer";
				COPY_PHASE_STRIP = NO;
				DEBUG_INFORMATION_FORMAT = dwarf;
				ENABLE_STRICT_OBJC_MSGSEND = YES;
				ENABLE_TESTABILITY = YES;
				GCC_C_LANGUAGE_STANDARD = gnu11;
				GCC_DYNAMIC_NO_PIC = NO;
				GCC_NO_COMMON_BLOCKS = YES;
				GCC_OPTIMIZATION_LEVEL = 0;
				GCC_PREPROCESSOR_DEFINITIONS = (
					"DEBUG=1",
					"$(inherited)",
				);
				GCC_WARN_64_TO_32_BIT_CONVERSION = YES;
				GCC_WARN_ABOUT_RETURN_TYPE = YES_ERROR;
				GCC_WARN_UNDECLARED_SELECTOR = YES;
				GCC_WARN_UNINITIALIZED_AUTOS = YES_AGGRESSIVE;
				GCC_WARN_UNUSED_FUNCTION = YES;
				GCC_WARN_UNUSED_VARIABLE = YES;
				IPHONEOS_DEPLOYMENT_TARGET = 11.0;
				MTL_ENABLE_DEBUG_INFO = YES;
				ONLY_ACTIVE_ARCH = YES;
				SDKROOT = iphoneos;
				SWIFT_ACTIVE_COMPILATION_CONDITIONS = DEBUG;
				SWIFT_OPTIMIZATION_LEVEL = "-Onone";
			};
			name = Debug;
		};
		043E69091F82E326002F4B05 /* Release */ = {
			isa = XCBuildConfiguration;
			buildSettings = {
				ALWAYS_SEARCH_USER_PATHS = NO;
				CLANG_ANALYZER_NONNULL = YES;
				CLANG_ANALYZER_NUMBER_OBJECT_CONVERSION = YES_AGGRESSIVE;
				CLANG_CXX_LANGUAGE_STANDARD = "gnu++14";
				CLANG_CXX_LIBRARY = "libc++";
				CLANG_ENABLE_MODULES = YES;
				CLANG_ENABLE_OBJC_ARC = YES;
				CLANG_WARN_BLOCK_CAPTURE_AUTORELEASING = YES;
				CLANG_WARN_BOOL_CONVERSION = YES;
				CLANG_WARN_COMMA = YES;
				CLANG_WARN_CONSTANT_CONVERSION = YES;
				CLANG_WARN_DIRECT_OBJC_ISA_USAGE = YES_ERROR;
				CLANG_WARN_DOCUMENTATION_COMMENTS = YES;
				CLANG_WARN_EMPTY_BODY = YES;
				CLANG_WARN_ENUM_CONVERSION = YES;
				CLANG_WARN_INFINITE_RECURSION = YES;
				CLANG_WARN_INT_CONVERSION = YES;
				CLANG_WARN_NON_LITERAL_NULL_CONVERSION = YES;
				CLANG_WARN_OBJC_LITERAL_CONVERSION = YES;
				CLANG_WARN_OBJC_ROOT_CLASS = YES_ERROR;
				CLANG_WARN_RANGE_LOOP_ANALYSIS = YES;
				CLANG_WARN_STRICT_PROTOTYPES = YES;
				CLANG_WARN_SUSPICIOUS_MOVE = YES;
				CLANG_WARN_UNGUARDED_AVAILABILITY = YES_AGGRESSIVE;
				CLANG_WARN_UNREACHABLE_CODE = YES;
				CLANG_WARN__DUPLICATE_METHOD_MATCH = YES;
				CODE_SIGN_IDENTITY = "iPhone Developer";
				COPY_PHASE_STRIP = NO;
				DEBUG_INFORMATION_FORMAT = "dwarf-with-dsym";
				ENABLE_NS_ASSERTIONS = NO;
				ENABLE_STRICT_OBJC_MSGSEND = YES;
				GCC_C_LANGUAGE_STANDARD = gnu11;
				GCC_NO_COMMON_BLOCKS = YES;
				GCC_WARN_64_TO_32_BIT_CONVERSION = YES;
				GCC_WARN_ABOUT_RETURN_TYPE = YES_ERROR;
				GCC_WARN_UNDECLARED_SELECTOR = YES;
				GCC_WARN_UNINITIALIZED_AUTOS = YES_AGGRESSIVE;
				GCC_WARN_UNUSED_FUNCTION = YES;
				GCC_WARN_UNUSED_VARIABLE = YES;
				IPHONEOS_DEPLOYMENT_TARGET = 11.0;
				MTL_ENABLE_DEBUG_INFO = NO;
				SDKROOT = iphoneos;
				SWIFT_OPTIMIZATION_LEVEL = "-Owholemodule";
				VALIDATE_PRODUCT = YES;
			};
			name = Release;
		};
		043E690B1F82E326002F4B05 /* Debug */ = {
			isa = XCBuildConfiguration;
			buildSettings = {
				ASSETCATALOG_COMPILER_APPICON_NAME = AppIcon;
				CODE_SIGN_STYLE = Automatic;
				INFOPLIST_FILE = ChatAssignment/Info.plist;
				LD_RUNPATH_SEARCH_PATHS = "$(inherited) @executable_path/Frameworks";
				PRODUCT_BUNDLE_IDENTIFIER = "David-Gedeon.ChatAssignment";
				PRODUCT_NAME = "$(TARGET_NAME)";
				SWIFT_VERSION = 4.0;
				TARGETED_DEVICE_FAMILY = "1,2";
			};
			name = Debug;
		};
		043E690C1F82E326002F4B05 /* Release */ = {
			isa = XCBuildConfiguration;
			buildSettings = {
				ASSETCATALOG_COMPILER_APPICON_NAME = AppIcon;
				CODE_SIGN_STYLE = Automatic;
				INFOPLIST_FILE = ChatAssignment/Info.plist;
				LD_RUNPATH_SEARCH_PATHS = "$(inherited) @executable_path/Frameworks";
				PRODUCT_BUNDLE_IDENTIFIER = "David-Gedeon.ChatAssignment";
				PRODUCT_NAME = "$(TARGET_NAME)";
				SWIFT_VERSION = 4.0;
				TARGETED_DEVICE_FAMILY = "1,2";
			};
			name = Release;
		};
/* End XCBuildConfiguration section */

/* Begin XCConfigurationList section */
		043E68F31F82E326002F4B05 /* Build configuration list for PBXProject "ChatAssignment" */ = {
			isa = XCConfigurationList;
			buildConfigurations = (
				043E69081F82E326002F4B05 /* Debug */,
				043E69091F82E326002F4B05 /* Release */,
			);
			defaultConfigurationIsVisible = 0;
			defaultConfigurationName = Release;
		};
		043E690A1F82E326002F4B05 /* Build configuration list for PBXNativeTarget "ChatAssignment" */ = {
			isa = XCConfigurationList;
			buildConfigurations = (
				043E690B1F82E326002F4B05 /* Debug */,
				043E690C1F82E326002F4B05 /* Release */,
			);
			defaultConfigurationIsVisible = 0;
			defaultConfigurationName = Release;
		};
/* End XCConfigurationList section */
	};
	rootObject = 043E68F01F82E326002F4B05 /* Project object */;
}
